<?xml version="1.0" encoding="utf-8"?>
<Project ToolsVersion="4.0" xmlns="http://schemas.microsoft.com/developer/msbuild/2003">
  <ItemGroup>
    <Filter Include="Исходные файлы">
      <UniqueIdentifier>{4FC737F1-C7A5-4376-A066-2A32D752A2FF}</UniqueIdentifier>
      <Extensions>cpp;c;cc;cxx;def;odl;idl;hpj;bat;asm;asmx</Extensions>
    </Filter>
    <Filter Include="Файлы заголовков">
      <UniqueIdentifier>{93995380-89BD-4b04-88EB-625FBE52EBFB}</UniqueIdentifier>
      <Extensions>h;hh;hpp;hxx;hm;inl;inc;ipp;xsd</Extensions>
    </Filter>
    <Filter Include="Файлы ресурсов">
      <UniqueIdentifier>{67DA6AB6-F800-4c08-8B7A-83BB121AAD01}</UniqueIdentifier>
      <Extensions>rc;ico;cur;bmp;dlg;rc2;rct;bin;rgs;gif;jpg;jpeg;jpe;resx;tiff;tif;png;wav;mfcribbon-ms</Extensions>
    </Filter>
    <Filter Include="Components">
      <UniqueIdentifier>{4d74549e-6c76-4a0f-bed8-4103662538b2}</UniqueIdentifier>
    </Filter>
    <Filter Include="Entities">
      <UniqueIdentifier>{ee247b8d-5c0a-47d8-bb21-2afed2c36130}</UniqueIdentifier>
    </Filter>
    <Filter Include="States">
      <UniqueIdentifier>{28273128-eba7-4f73-b2f1-9939f50526c2}</UniqueIdentifier>
    </Filter>
    <Filter Include="Box2D">
      <UniqueIdentifier>{04dc59ad-b382-46bf-80aa-87c921f26870}</UniqueIdentifier>
    </Filter>
    <Filter Include="Pixels">
      <UniqueIdentifier>{9714dc2f-7e15-4afa-a7f5-8c715d24bc2c}</UniqueIdentifier>
    </Filter>
  </ItemGroup>
  <ItemGroup>
    <ClCompile Include="Game.cpp">
      <Filter>Исходные файлы</Filter>
    </ClCompile>
    <ClCompile Include="main.cpp">
      <Filter>Исходные файлы</Filter>
    </ClCompile>
    <ClCompile Include="Button.cpp">
      <Filter>Исходные файлы</Filter>
    </ClCompile>
    <ClCompile Include="MovementComponent.cpp">
      <Filter>Components</Filter>
    </ClCompile>
    <ClCompile Include="GameState.cpp">
      <Filter>States</Filter>
    </ClCompile>
    <ClCompile Include="MainMenuState.cpp">
      <Filter>States</Filter>
    </ClCompile>
    <ClCompile Include="State.cpp">
      <Filter>States</Filter>
    </ClCompile>
    <ClCompile Include="AnimationComponent.cpp">
      <Filter>Components</Filter>
    </ClCompile>
    <ClCompile Include="EditorState.cpp">
      <Filter>States</Filter>
    </ClCompile>
    <ClCompile Include="PhysicComponent.cpp">
      <Filter>Components</Filter>
    </ClCompile>
    <ClCompile Include="MyContactListener.cpp">
      <Filter>Box2D</Filter>
    </ClCompile>
    <ClCompile Include="PauseMenu.cpp">
      <Filter>States</Filter>
    </ClCompile>
    <ClCompile Include="EntityBox2D.cpp">
      <Filter>Entities</Filter>
    </ClCompile>
    <ClCompile Include="PlayerBox2D.cpp">
      <Filter>Entities</Filter>
    </ClCompile>
    <ClCompile Include="SettingState.cpp">
      <Filter>States</Filter>
    </ClCompile>
    <ClCompile Include="PixelControl.cpp">
      <Filter>Pixels</Filter>
    </ClCompile>
    <ClCompile Include="Pixel.cpp">
      <Filter>Pixels</Filter>
    </ClCompile>
    <ClCompile Include="PixelRope.cpp">
      <Filter>Pixels</Filter>
    </ClCompile>
    <ClCompile Include="PixelPoint.cpp">
      <Filter>Pixels</Filter>
    </ClCompile>
    <ClCompile Include="PixelSword.cpp">
      <Filter>Pixels</Filter>
    </ClCompile>
    <ClCompile Include="PixelShield.cpp">
      <Filter>Pixels</Filter>
    </ClCompile>
    <ClCompile Include="PixelBody.cpp">
      <Filter>Pixels</Filter>
    </ClCompile>
  </ItemGroup>
  <ItemGroup>
    <ClInclude Include="Game.h">
      <Filter>Файлы заголовков</Filter>
    </ClInclude>
    <ClInclude Include="Button.h">
      <Filter>Файлы заголовков</Filter>
    </ClInclude>
    <ClInclude Include="MovementComponent.h">
      <Filter>Components</Filter>
    </ClInclude>
    <ClInclude Include="State.h">
      <Filter>States</Filter>
    </ClInclude>
    <ClInclude Include="MainMenuState.h">
      <Filter>States</Filter>
    </ClInclude>
    <ClInclude Include="GameState.h">
      <Filter>States</Filter>
    </ClInclude>
    <ClInclude Include="AnimationComponent.h">
      <Filter>Components</Filter>
    </ClInclude>
    <ClInclude Include="Collision.hpp">
      <Filter>Файлы заголовков</Filter>
    </ClInclude>
    <ClInclude Include="EditorState.h">
      <Filter>States</Filter>
    </ClInclude>
    <ClInclude Include="PhysicComponent.h">
      <Filter>Components</Filter>
    </ClInclude>
    <ClInclude Include="MyContactListener.h">
      <Filter>Box2D</Filter>
    </ClInclude>
    <ClInclude Include="PauseMenu.h">
      <Filter>States</Filter>
    </ClInclude>
    <ClInclude Include="EntityBox2D.h">
      <Filter>Entities</Filter>
    </ClInclude>
    <ClInclude Include="PlayerBox2D.h">
      <Filter>Entities</Filter>
    </ClInclude>
    <ClInclude Include="SettingState.h">
      <Filter>States</Filter>
    </ClInclude>
    <ClInclude Include="PixelControl.h">
      <Filter>Pixels</Filter>
    </ClInclude>
    <ClInclude Include="Pixel.h">
      <Filter>Pixels</Filter>
    </ClInclude>
    <ClInclude Include="PixelRope.h">
      <Filter>Pixels</Filter>
    </ClInclude>
    <ClInclude Include="PixelPoint.h">
      <Filter>Pixels</Filter>
    </ClInclude>
    <ClInclude Include="PixelSword.h">
      <Filter>Pixels</Filter>
    </ClInclude>
    <ClInclude Include="PixelShield.h">
      <Filter>Pixels</Filter>
    </ClInclude>
    <ClInclude Include="PixelBody.h">
      <Filter>Pixels</Filter>
    </ClInclude>
  </ItemGroup>
  <ItemGroup>
    <None Include="Config\SupportedKeys.ini">
      <Filter>Файлы ресурсов</Filter>
    </None>
    <None Include="Config\MainMenuStateKeyBinds.ini">
      <Filter>Файлы ресурсов</Filter>
    </None>
    <None Include="Config\window.ini">
      <Filter>Файлы ресурсов</Filter>
    </None>
    <None Include="Config\GameStateKeyBinds.ini">
      <Filter>Файлы ресурсов</Filter>
    </None>
    <None Include="Config\EditorStateKeyBinds.ini">
      <Filter>Файлы ресурсов</Filter>
    </None>
  </ItemGroup>
</Project>